github.com/maloquacious/quetzal v0.2.4 h1:lhgJapZ+alhKPf7rksFd42P7TrjPPesc7Cz+QUzJHhk=
github.com/maloquacious/quetzal v0.2.4/go.mod h1:+tG4vGP3MtALjLLZHKIBxAz1sIK+MM9tqi24+bfrKoc=
github.com/maloquacious/zmachine v0.2.0 h1:wMKz8octs7bMAk1VZbJD3bp3A+muLrRJ/He7ZU3zHVI=
github.com/maloquacious/zmachine v0.2.0/go.mod h1:XmzNorSS0L2hneE+cPWBXbFhY+Nu3gB/veOYHGoIXwI=
